
Microsoft Visual Studio Solution File, Format Version 12.00
# Visual Studio Version 16
VisualStudioVersion = 16.0.29613.14
MinimumVisualStudioVersion = 10.0.40219.1
Project("{FAE04EC0-301F-11D3-BF4B-00C04F79EFBC}") = "ContactManager", "ContactManager\ContactManager.csproj", "{7B325603-8042-4B84-BC58-07D570E20E7E}"
EndProject
Global
	GlobalSection(SolutionConfigurationPlatforms) = preSolution
		Debug|Any CPU = Debug|Any CPU
		Release|Any CPU = Release|Any CPU
	EndGlobalSection
	GlobalSection(ProjectConfigurationPlatforms) = postSolution
		{7B325603-8042-4B84-BC58-07D570E20E7E}.Debug|Any CPU.ActiveCfg = Debug|Any CPU
		{7B325603-8042-4B84-BC58-07D570E20E7E}.Debug|Any CPU.Build.0 = Debug|Any CPU
		{7B325603-8042-4B84-BC58-07D570E20E7E}.Release|Any CPU.ActiveCfg = Release|Any CPU
		{7B325603-8042-4B84-BC58-07D570E20E7E}.Release|Any CPU.Build.0 = Release|Any CPU
	EndGlobalSection
	GlobalSection(SolutionProperties) = preSolution
		HideSolutionNode = FALSE
	EndGlobalSection
	GlobalSection(ExtensibilityGlobals) = postSolution
		SolutionGuid = {851B4E1D-2B1C-4C74-85FE-81EDB3B8B35F}
	EndGlobalSection
EndGlobal
